// !$*UTF8*$!
{
	archiveVersion = 1;
	classes = {
	};
	objectVersion = 46;
	objects = {

/* Begin PBXBuildFile section */
		001EE4241CF0F453000CA03E /* MTGCard+CoreDataProperties.swift in Sources */ = {isa = PBXBuildFile; fileRef = 001EE40C1CF0F453000CA03E /* MTGCard+CoreDataProperties.swift */; };
		001EE4251CF0F453000CA03E /* MTGCard.swift in Sources */ = {isa = PBXBuildFile; fileRef = 001EE40D1CF0F453000CA03E /* MTGCard.swift */; };
		001EE4281CF0F453000CA03E /* MTGArtist+CoreDataProperties.m in Sources */ = {isa = PBXBuildFile; fileRef = 001EE4111CF0F453000CA03E /* MTGArtist+CoreDataProperties.m */; };
		001EE4291CF0F453000CA03E /* MTGArtist.m in Sources */ = {isa = PBXBuildFile; fileRef = 001EE4131CF0F453000CA03E /* MTGArtist.m */; };
		001EE42A1CF0F453000CA03E /* MTGSet+CoreDataProperties.m in Sources */ = {isa = PBXBuildFile; fileRef = 001EE4151CF0F453000CA03E /* MTGSet+CoreDataProperties.m */; };
		001EE42B1CF0F453000CA03E /* MTGSet.m in Sources */ = {isa = PBXBuildFile; fileRef = 001EE4171CF0F453000CA03E /* MTGSet.m */; };
		001EE42C1CF0F453000CA03E /* MTGType+CoreDataProperties.m in Sources */ = {isa = PBXBuildFile; fileRef = 001EE4191CF0F453000CA03E /* MTGType+CoreDataProperties.m */; };
		001EE42D1CF0F453000CA03E /* MTGType.m in Sources */ = {isa = PBXBuildFile; fileRef = 001EE41B1CF0F453000CA03E /* MTGType.m */; };
		001EE42E1CF0F453000CA03E /* MTGColor+CoreDataProperties.m in Sources */ = {isa = PBXBuildFile; fileRef = 001EE41D1CF0F453000CA03E /* MTGColor+CoreDataProperties.m */; };
		001EE42F1CF0F453000CA03E /* MTGColor.m in Sources */ = {isa = PBXBuildFile; fileRef = 001EE41F1CF0F453000CA03E /* MTGColor.m */; };
		001EE4301CF0F453000CA03E /* MTGRarity+CoreDataProperties.m in Sources */ = {isa = PBXBuildFile; fileRef = 001EE4211CF0F453000CA03E /* MTGRarity+CoreDataProperties.m */; };
		001EE4311CF0F453000CA03E /* MTGRarity.m in Sources */ = {isa = PBXBuildFile; fileRef = 001EE4231CF0F453000CA03E /* MTGRarity.m */; };
		001EE4341CF0F52E000CA03E /* StoredData.sqlite in Resources */ = {isa = PBXBuildFile; fileRef = 001EE4331CF0F52E000CA03E /* StoredData.sqlite */; };
		001EE4391CF0FC2A000CA03E /* MTGDeck.xcdatamodeld in Sources */ = {isa = PBXBuildFile; fileRef = 001EE4361CF0FC2A000CA03E /* MTGDeck.xcdatamodeld */; };
		001EE43B1CF18B45000CA03E /* CardSearchViewController.swift in Sources */ = {isa = PBXBuildFile; fileRef = 001EE43A1CF18B45000CA03E /* CardSearchViewController.swift */; };
		001EE43D1CF26369000CA03E /* CardArtDownloader.swift in Sources */ = {isa = PBXBuildFile; fileRef = 001EE43C1CF26369000CA03E /* CardArtDownloader.swift */; };
		001EE43F1CF26B14000CA03E /* CardCell.swift in Sources */ = {isa = PBXBuildFile; fileRef = 001EE43E1CF26B14000CA03E /* CardCell.swift */; };
		001EE4691CF52226000CA03E /* CardDetailViewController.swift in Sources */ = {isa = PBXBuildFile; fileRef = 001EE4681CF52226000CA03E /* CardDetailViewController.swift */; };
		001EE46B1CF609C4000CA03E /* DeckViewController.swift in Sources */ = {isa = PBXBuildFile; fileRef = 001EE46A1CF609C4000CA03E /* DeckViewController.swift */; };
		001EE46D1CF60A7E000CA03E /* CollectionViewController.swift in Sources */ = {isa = PBXBuildFile; fileRef = 001EE46C1CF60A7E000CA03E /* CollectionViewController.swift */; };
		001EE46F1CF644C5000CA03E /* SimpleListDataSource.swift in Sources */ = {isa = PBXBuildFile; fileRef = 001EE46E1CF644C5000CA03E /* SimpleListDataSource.swift */; };
		001EE48A1CF7840A000CA03E /* DeckDetailViewController.swift in Sources */ = {isa = PBXBuildFile; fileRef = 001EE4891CF7840A000CA03E /* DeckDetailViewController.swift */; };
		001EE48D1CF7A4E1000CA03E /* MTGDeck+CoreDataProperties.swift in Sources */ = {isa = PBXBuildFile; fileRef = 001EE48B1CF7A4E1000CA03E /* MTGDeck+CoreDataProperties.swift */; };
		001EE48E1CF7A4E1000CA03E /* MTGDeck.swift in Sources */ = {isa = PBXBuildFile; fileRef = 001EE48C1CF7A4E1000CA03E /* MTGDeck.swift */; };
		001EE4911CF7A692000CA03E /* MTGCardInDeck+CoreDataProperties.swift in Sources */ = {isa = PBXBuildFile; fileRef = 001EE48F1CF7A692000CA03E /* MTGCardInDeck+CoreDataProperties.swift */; };
		001EE4921CF7A692000CA03E /* MTGCardInDeck.swift in Sources */ = {isa = PBXBuildFile; fileRef = 001EE4901CF7A692000CA03E /* MTGCardInDeck.swift */; };
		002132BD1CFE0F91007F71CF /* FNMFinder.swift in Sources */ = {isa = PBXBuildFile; fileRef = 002132BC1CFE0F91007F71CF /* FNMFinder.swift */; };
		007EA1F71D0E2C5900932A1F /* CardAnimationController.swift in Sources */ = {isa = PBXBuildFile; fileRef = 007EA1F61D0E2C5900932A1F /* CardAnimationController.swift */; };
		007EA1F91D0E33C700932A1F /* CardTabBarController.swift in Sources */ = {isa = PBXBuildFile; fileRef = 007EA1F81D0E33C700932A1F /* CardTabBarController.swift */; };
		009F6F9A1D03737000427E91 /* Charts.framework in Frameworks */ = {isa = PBXBuildFile; fileRef = 009F6F931D03735600427E91 /* Charts.framework */; };
		009F6F9B1D03737000427E91 /* Charts.framework in Embed Frameworks */ = {isa = PBXBuildFile; fileRef = 009F6F931D03735600427E91 /* Charts.framework */; settings = {ATTRIBUTES = (CodeSignOnCopy, RemoveHeadersOnCopy, ); }; };
		009F6FA11D03744200427E91 /* ManaDistributionCell.swift in Sources */ = {isa = PBXBuildFile; fileRef = 009F6FA01D03744200427E91 /* ManaDistributionCell.swift */; };
		009F6FA41D0374F800427E91 /* DeckBreakdownViewController.swift in Sources */ = {isa = PBXBuildFile; fileRef = 009F6FA31D0374F800427E91 /* DeckBreakdownViewController.swift */; };
		009F6FA91D03999E00427E91 /* StatsHelper.swift in Sources */ = {isa = PBXBuildFile; fileRef = 009F6FA81D03999E00427E91 /* StatsHelper.swift */; };
		009F6FAB1D039AA400427E91 /* ManaCurveCell.swift in Sources */ = {isa = PBXBuildFile; fileRef = 009F6FAA1D039AA400427E91 /* ManaCurveCell.swift */; };
		009F6FAD1D03D77C00427E91 /* ImageSearchOperation.swift in Sources */ = {isa = PBXBuildFile; fileRef = 009F6FAC1D03D77C00427E91 /* ImageSearchOperation.swift */; };
		009F6FAF1D04918700427E91 /* OCRPreviewController.swift in Sources */ = {isa = PBXBuildFile; fileRef = 009F6FAE1D04918700427E91 /* OCRPreviewController.swift */; };
		009F6FB11D04B7CD00427E91 /* FisherViewController.swift in Sources */ = {isa = PBXBuildFile; fileRef = 009F6FB01D04B7CD00427E91 /* FisherViewController.swift */; };
		00AA565D1CF0F2E00035AA1C /* DataManager.swift in Sources */ = {isa = PBXBuildFile; fileRef = 00AA565C1CF0F2E00035AA1C /* DataManager.swift */; };
		00AC43E21CE925280064F3D2 /* AppDelegate.swift in Sources */ = {isa = PBXBuildFile; fileRef = 00AC43E11CE925280064F3D2 /* AppDelegate.swift */; };
		00AC43E71CE925280064F3D2 /* Main.storyboard in Resources */ = {isa = PBXBuildFile; fileRef = 00AC43E51CE925280064F3D2 /* Main.storyboard */; };
		00AC43E91CE925280064F3D2 /* Assets.xcassets in Resources */ = {isa = PBXBuildFile; fileRef = 00AC43E81CE925280064F3D2 /* Assets.xcassets */; };
		00AC43EC1CE925280064F3D2 /* LaunchScreen.storyboard in Resources */ = {isa = PBXBuildFile; fileRef = 00AC43EA1CE925280064F3D2 /* LaunchScreen.storyboard */; };
		00AC43F41CE92FC50064F3D2 /* MapKit.framework in Frameworks */ = {isa = PBXBuildFile; fileRef = 00AC43F31CE92FC50064F3D2 /* MapKit.framework */; };
/* End PBXBuildFile section */

/* Begin PBXContainerItemProxy section */
		009F6F921D03735600427E91 /* PBXContainerItemProxy */ = {
			isa = PBXContainerItemProxy;
			containerPortal = 009F6F8B1D03735500427E91 /* Charts.xcodeproj */;
			proxyType = 2;
			remoteGlobalIDString = 5BA8EC401A9D14DC00CE82E1;
			remoteInfo = "Charts-iOS";
		};
		009F6F941D03735600427E91 /* PBXContainerItemProxy */ = {
			isa = PBXContainerItemProxy;
			containerPortal = 009F6F8B1D03735500427E91 /* Charts.xcodeproj */;
			proxyType = 2;
			remoteGlobalIDString = A52C5C371BAC5CA400594CDD;
			remoteInfo = "Charts-TV";
		};
		009F6F961D03735600427E91 /* PBXContainerItemProxy */ = {
			isa = PBXContainerItemProxy;
			containerPortal = 009F6F8B1D03735500427E91 /* Charts.xcodeproj */;
			proxyType = 2;
			remoteGlobalIDString = 65B3F5BF1C7370BE000983D0;
			remoteInfo = "Charts-OSX";
		};
		009F6F981D03735600427E91 /* PBXContainerItemProxy */ = {
			isa = PBXContainerItemProxy;
			containerPortal = 009F6F8B1D03735500427E91 /* Charts.xcodeproj */;
			proxyType = 2;
			remoteGlobalIDString = 06AEE7A21BDC3F8B009875AE;
			remoteInfo = ChartsTests;
		};
		009F6F9C1D03737000427E91 /* PBXContainerItemProxy */ = {
			isa = PBXContainerItemProxy;
			containerPortal = 009F6F8B1D03735500427E91 /* Charts.xcodeproj */;
			proxyType = 1;
			remoteGlobalIDString = 5BA8EC3F1A9D14DC00CE82E1;
			remoteInfo = "Charts-iOS";
		};
/* End PBXContainerItemProxy section */

/* Begin PBXCopyFilesBuildPhase section */
		009F6F9E1D03737000427E91 /* Embed Frameworks */ = {
			isa = PBXCopyFilesBuildPhase;
			buildActionMask = 2147483647;
			dstPath = "";
			dstSubfolderSpec = 10;
			files = (
				009F6F9B1D03737000427E91 /* Charts.framework in Embed Frameworks */,
			);
			name = "Embed Frameworks";
			runOnlyForDeploymentPostprocessing = 0;
		};
/* End PBXCopyFilesBuildPhase section */

/* Begin PBXFileReference section */
		00147DC71D087EE8002288CA /* MTGDeck.entitlements */ = {isa = PBXFileReference; lastKnownFileType = text.xml; path = MTGDeck.entitlements; sourceTree = "<group>"; };
		001EE40B1CF0F453000CA03E /* MTGDeck-Bridging-Header.h */ = {isa = PBXFileReference; lastKnownFileType = sourcecode.c.h; path = "MTGDeck-Bridging-Header.h"; sourceTree = "<group>"; };
		001EE40C1CF0F453000CA03E /* MTGCard+CoreDataProperties.swift */ = {isa = PBXFileReference; fileEncoding = 4; lastKnownFileType = sourcecode.swift; path = "MTGCard+CoreDataProperties.swift"; sourceTree = "<group>"; };
		001EE40D1CF0F453000CA03E /* MTGCard.swift */ = {isa = PBXFileReference; fileEncoding = 4; lastKnownFileType = sourcecode.swift; path = MTGCard.swift; sourceTree = "<group>"; };
		001EE4101CF0F453000CA03E /* MTGArtist+CoreDataProperties.h */ = {isa = PBXFileReference; fileEncoding = 4; lastKnownFileType = sourcecode.c.h; path = "MTGArtist+CoreDataProperties.h"; sourceTree = "<group>"; };
		001EE4111CF0F453000CA03E /* MTGArtist+CoreDataProperties.m */ = {isa = PBXFileReference; fileEncoding = 4; lastKnownFileType = sourcecode.c.objc; path = "MTGArtist+CoreDataProperties.m"; sourceTree = "<group>"; };
		001EE4121CF0F453000CA03E /* MTGArtist.h */ = {isa = PBXFileReference; fileEncoding = 4; lastKnownFileType = sourcecode.c.h; path = MTGArtist.h; sourceTree = "<group>"; };
		001EE4131CF0F453000CA03E /* MTGArtist.m */ = {isa = PBXFileReference; fileEncoding = 4; lastKnownFileType = sourcecode.c.objc; path = MTGArtist.m; sourceTree = "<group>"; };
		001EE4141CF0F453000CA03E /* MTGSet+CoreDataProperties.h */ = {isa = PBXFileReference; fileEncoding = 4; lastKnownFileType = sourcecode.c.h; path = "MTGSet+CoreDataProperties.h"; sourceTree = "<group>"; };
		001EE4151CF0F453000CA03E /* MTGSet+CoreDataProperties.m */ = {isa = PBXFileReference; fileEncoding = 4; lastKnownFileType = sourcecode.c.objc; path = "MTGSet+CoreDataProperties.m"; sourceTree = "<group>"; };
		001EE4161CF0F453000CA03E /* MTGSet.h */ = {isa = PBXFileReference; fileEncoding = 4; lastKnownFileType = sourcecode.c.h; path = MTGSet.h; sourceTree = "<group>"; };
		001EE4171CF0F453000CA03E /* MTGSet.m */ = {isa = PBXFileReference; fileEncoding = 4; lastKnownFileType = sourcecode.c.objc; path = MTGSet.m; sourceTree = "<group>"; };
		001EE4181CF0F453000CA03E /* MTGType+CoreDataProperties.h */ = {isa = PBXFileReference; fileEncoding = 4; lastKnownFileType = sourcecode.c.h; path = "MTGType+CoreDataProperties.h"; sourceTree = "<group>"; };
		001EE4191CF0F453000CA03E /* MTGType+CoreDataProperties.m */ = {isa = PBXFileReference; fileEncoding = 4; lastKnownFileType = sourcecode.c.objc; path = "MTGType+CoreDataProperties.m"; sourceTree = "<group>"; };
		001EE41A1CF0F453000CA03E /* MTGType.h */ = {isa = PBXFileReference; fileEncoding = 4; lastKnownFileType = sourcecode.c.h; path = MTGType.h; sourceTree = "<group>"; };
		001EE41B1CF0F453000CA03E /* MTGType.m */ = {isa = PBXFileReference; fileEncoding = 4; lastKnownFileType = sourcecode.c.objc; path = MTGType.m; sourceTree = "<group>"; };
		001EE41C1CF0F453000CA03E /* MTGColor+CoreDataProperties.h */ = {isa = PBXFileReference; fileEncoding = 4; lastKnownFileType = sourcecode.c.h; path = "MTGColor+CoreDataProperties.h"; sourceTree = "<group>"; };
		001EE41D1CF0F453000CA03E /* MTGColor+CoreDataProperties.m */ = {isa = PBXFileReference; fileEncoding = 4; lastKnownFileType = sourcecode.c.objc; path = "MTGColor+CoreDataProperties.m"; sourceTree = "<group>"; };
		001EE41E1CF0F453000CA03E /* MTGColor.h */ = {isa = PBXFileReference; fileEncoding = 4; lastKnownFileType = sourcecode.c.h; path = MTGColor.h; sourceTree = "<group>"; };
		001EE41F1CF0F453000CA03E /* MTGColor.m */ = {isa = PBXFileReference; fileEncoding = 4; lastKnownFileType = sourcecode.c.objc; path = MTGColor.m; sourceTree = "<group>"; };
		001EE4201CF0F453000CA03E /* MTGRarity+CoreDataProperties.h */ = {isa = PBXFileReference; fileEncoding = 4; lastKnownFileType = sourcecode.c.h; path = "MTGRarity+CoreDataProperties.h"; sourceTree = "<group>"; };
		001EE4211CF0F453000CA03E /* MTGRarity+CoreDataProperties.m */ = {isa = PBXFileReference; fileEncoding = 4; lastKnownFileType = sourcecode.c.objc; path = "MTGRarity+CoreDataProperties.m"; sourceTree = "<group>"; };
		001EE4221CF0F453000CA03E /* MTGRarity.h */ = {isa = PBXFileReference; fileEncoding = 4; lastKnownFileType = sourcecode.c.h; path = MTGRarity.h; sourceTree = "<group>"; };
		001EE4231CF0F453000CA03E /* MTGRarity.m */ = {isa = PBXFileReference; fileEncoding = 4; lastKnownFileType = sourcecode.c.objc; path = MTGRarity.m; sourceTree = "<group>"; };
		001EE4331CF0F52E000CA03E /* StoredData.sqlite */ = {isa = PBXFileReference; lastKnownFileType = file; path = StoredData.sqlite; sourceTree = "<group>"; };
		001EE4371CF0FC2A000CA03E /* MTGDeck 2.xcdatamodel */ = {isa = PBXFileReference; lastKnownFileType = wrapper.xcdatamodel; path = "MTGDeck 2.xcdatamodel"; sourceTree = "<group>"; };
		001EE4381CF0FC2A000CA03E /* MTGDeck.xcdatamodel */ = {isa = PBXFileReference; lastKnownFileType = wrapper.xcdatamodel; path = MTGDeck.xcdatamodel; sourceTree = "<group>"; };
		001EE43A1CF18B45000CA03E /* CardSearchViewController.swift */ = {isa = PBXFileReference; fileEncoding = 4; lastKnownFileType = sourcecode.swift; path = CardSearchViewController.swift; sourceTree = "<group>"; };
		001EE43C1CF26369000CA03E /* CardArtDownloader.swift */ = {isa = PBXFileReference; fileEncoding = 4; lastKnownFileType = sourcecode.swift; path = CardArtDownloader.swift; sourceTree = "<group>"; };
		001EE43E1CF26B14000CA03E /* CardCell.swift */ = {isa = PBXFileReference; fileEncoding = 4; lastKnownFileType = sourcecode.swift; path = CardCell.swift; sourceTree = "<group>"; };
		001EE4681CF52226000CA03E /* CardDetailViewController.swift */ = {isa = PBXFileReference; fileEncoding = 4; lastKnownFileType = sourcecode.swift; path = CardDetailViewController.swift; sourceTree = "<group>"; };
		001EE46A1CF609C4000CA03E /* DeckViewController.swift */ = {isa = PBXFileReference; fileEncoding = 4; lastKnownFileType = sourcecode.swift; path = DeckViewController.swift; sourceTree = "<group>"; };
		001EE46C1CF60A7E000CA03E /* CollectionViewController.swift */ = {isa = PBXFileReference; fileEncoding = 4; lastKnownFileType = sourcecode.swift; path = CollectionViewController.swift; sourceTree = "<group>"; };
		001EE46E1CF644C5000CA03E /* SimpleListDataSource.swift */ = {isa = PBXFileReference; fileEncoding = 4; lastKnownFileType = sourcecode.swift; path = SimpleListDataSource.swift; sourceTree = "<group>"; };
		001EE4891CF7840A000CA03E /* DeckDetailViewController.swift */ = {isa = PBXFileReference; fileEncoding = 4; lastKnownFileType = sourcecode.swift; path = DeckDetailViewController.swift; sourceTree = "<group>"; };
		001EE48B1CF7A4E1000CA03E /* MTGDeck+CoreDataProperties.swift */ = {isa = PBXFileReference; fileEncoding = 4; lastKnownFileType = sourcecode.swift; path = "MTGDeck+CoreDataProperties.swift"; sourceTree = SOURCE_ROOT; };
		001EE48C1CF7A4E1000CA03E /* MTGDeck.swift */ = {isa = PBXFileReference; fileEncoding = 4; lastKnownFileType = sourcecode.swift; path = MTGDeck.swift; sourceTree = SOURCE_ROOT; };
		001EE48F1CF7A692000CA03E /* MTGCardInDeck+CoreDataProperties.swift */ = {isa = PBXFileReference; fileEncoding = 4; lastKnownFileType = sourcecode.swift; name = "MTGCardInDeck+CoreDataProperties.swift"; path = "../MTGCardInDeck+CoreDataProperties.swift"; sourceTree = "<group>"; };
		001EE4901CF7A692000CA03E /* MTGCardInDeck.swift */ = {isa = PBXFileReference; fileEncoding = 4; lastKnownFileType = sourcecode.swift; name = MTGCardInDeck.swift; path = ../MTGCardInDeck.swift; sourceTree = "<group>"; };
		002132BC1CFE0F91007F71CF /* FNMFinder.swift */ = {isa = PBXFileReference; fileEncoding = 4; lastKnownFileType = sourcecode.swift; path = FNMFinder.swift; sourceTree = "<group>"; };
		007EA1F61D0E2C5900932A1F /* CardAnimationController.swift */ = {isa = PBXFileReference; fileEncoding = 4; lastKnownFileType = sourcecode.swift; path = CardAnimationController.swift; sourceTree = "<group>"; };
		007EA1F81D0E33C700932A1F /* CardTabBarController.swift */ = {isa = PBXFileReference; fileEncoding = 4; lastKnownFileType = sourcecode.swift; path = CardTabBarController.swift; sourceTree = "<group>"; };
		009F6F8B1D03735500427E91 /* Charts.xcodeproj */ = {isa = PBXFileReference; lastKnownFileType = "wrapper.pb-project"; name = Charts.xcodeproj; path = ../Charts/Charts/Charts.xcodeproj; sourceTree = "<group>"; };
		009F6FA01D03744200427E91 /* ManaDistributionCell.swift */ = {isa = PBXFileReference; fileEncoding = 4; lastKnownFileType = sourcecode.swift; path = ManaDistributionCell.swift; sourceTree = "<group>"; };
		009F6FA31D0374F800427E91 /* DeckBreakdownViewController.swift */ = {isa = PBXFileReference; fileEncoding = 4; lastKnownFileType = sourcecode.swift; path = DeckBreakdownViewController.swift; sourceTree = "<group>"; };
		009F6FA81D03999E00427E91 /* StatsHelper.swift */ = {isa = PBXFileReference; fileEncoding = 4; lastKnownFileType = sourcecode.swift; path = StatsHelper.swift; sourceTree = "<group>"; };
		009F6FAA1D039AA400427E91 /* ManaCurveCell.swift */ = {isa = PBXFileReference; fileEncoding = 4; lastKnownFileType = sourcecode.swift; path = ManaCurveCell.swift; sourceTree = "<group>"; };
		009F6FAC1D03D77C00427E91 /* ImageSearchOperation.swift */ = {isa = PBXFileReference; fileEncoding = 4; lastKnownFileType = sourcecode.swift; path = ImageSearchOperation.swift; sourceTree = "<group>"; };
		009F6FAE1D04918700427E91 /* OCRPreviewController.swift */ = {isa = PBXFileReference; fileEncoding = 4; lastKnownFileType = sourcecode.swift; path = OCRPreviewController.swift; sourceTree = "<group>"; };
		009F6FB01D04B7CD00427E91 /* FisherViewController.swift */ = {isa = PBXFileReference; fileEncoding = 4; lastKnownFileType = sourcecode.swift; path = FisherViewController.swift; sourceTree = "<group>"; };
		00AA565C1CF0F2E00035AA1C /* DataManager.swift */ = {isa = PBXFileReference; fileEncoding = 4; lastKnownFileType = sourcecode.swift; path = DataManager.swift; sourceTree = "<group>"; };
		00AC43DE1CE925280064F3D2 /* MTGDeck.app */ = {isa = PBXFileReference; explicitFileType = wrapper.application; includeInIndex = 0; path = MTGDeck.app; sourceTree = BUILT_PRODUCTS_DIR; };
		00AC43E11CE925280064F3D2 /* AppDelegate.swift */ = {isa = PBXFileReference; lastKnownFileType = sourcecode.swift; path = AppDelegate.swift; sourceTree = "<group>"; };
		00AC43E61CE925280064F3D2 /* Base */ = {isa = PBXFileReference; lastKnownFileType = file.storyboard; name = Base; path = Base.lproj/Main.storyboard; sourceTree = "<group>"; };
		00AC43E81CE925280064F3D2 /* Assets.xcassets */ = {isa = PBXFileReference; lastKnownFileType = folder.assetcatalog; path = Assets.xcassets; sourceTree = "<group>"; };
		00AC43EB1CE925280064F3D2 /* Base */ = {isa = PBXFileReference; lastKnownFileType = file.storyboard; name = Base; path = Base.lproj/LaunchScreen.storyboard; sourceTree = "<group>"; };
		00AC43ED1CE925280064F3D2 /* Info.plist */ = {isa = PBXFileReference; lastKnownFileType = text.plist.xml; path = Info.plist; sourceTree = "<group>"; };
		00AC43F31CE92FC50064F3D2 /* MapKit.framework */ = {isa = PBXFileReference; lastKnownFileType = wrapper.framework; name = MapKit.framework; path = System/Library/Frameworks/MapKit.framework; sourceTree = SDKROOT; };
/* End PBXFileReference section */

/* Begin PBXFrameworksBuildPhase section */
		00AC43DB1CE925280064F3D2 /* Frameworks */ = {
			isa = PBXFrameworksBuildPhase;
			buildActionMask = 2147483647;
			files = (
				00AC43F41CE92FC50064F3D2 /* MapKit.framework in Frameworks */,
				009F6F9A1D03737000427E91 /* Charts.framework in Frameworks */,
			);
			runOnlyForDeploymentPostprocessing = 0;
		};
/* End PBXFrameworksBuildPhase section */

/* Begin PBXGroup section */
		001EE4321CF0F465000CA03E /* Managed Objects */ = {
			isa = PBXGroup;
			children = (
				001EE40C1CF0F453000CA03E /* MTGCard+CoreDataProperties.swift */,
				001EE40D1CF0F453000CA03E /* MTGCard.swift */,
				001EE48F1CF7A692000CA03E /* MTGCardInDeck+CoreDataProperties.swift */,
				001EE4901CF7A692000CA03E /* MTGCardInDeck.swift */,
				001EE48B1CF7A4E1000CA03E /* MTGDeck+CoreDataProperties.swift */,
				001EE48C1CF7A4E1000CA03E /* MTGDeck.swift */,
				001EE4101CF0F453000CA03E /* MTGArtist+CoreDataProperties.h */,
				001EE4111CF0F453000CA03E /* MTGArtist+CoreDataProperties.m */,
				001EE4121CF0F453000CA03E /* MTGArtist.h */,
				001EE4131CF0F453000CA03E /* MTGArtist.m */,
				001EE4141CF0F453000CA03E /* MTGSet+CoreDataProperties.h */,
				001EE4151CF0F453000CA03E /* MTGSet+CoreDataProperties.m */,
				001EE4161CF0F453000CA03E /* MTGSet.h */,
				001EE4171CF0F453000CA03E /* MTGSet.m */,
				001EE4181CF0F453000CA03E /* MTGType+CoreDataProperties.h */,
				001EE4191CF0F453000CA03E /* MTGType+CoreDataProperties.m */,
				001EE41A1CF0F453000CA03E /* MTGType.h */,
				001EE41B1CF0F453000CA03E /* MTGType.m */,
				001EE41C1CF0F453000CA03E /* MTGColor+CoreDataProperties.h */,
				001EE41D1CF0F453000CA03E /* MTGColor+CoreDataProperties.m */,
				001EE41E1CF0F453000CA03E /* MTGColor.h */,
				001EE41F1CF0F453000CA03E /* MTGColor.m */,
				001EE4201CF0F453000CA03E /* MTGRarity+CoreDataProperties.h */,
				001EE4211CF0F453000CA03E /* MTGRarity+CoreDataProperties.m */,
				001EE4231CF0F453000CA03E /* MTGRarity.m */,
				001EE4221CF0F453000CA03E /* MTGRarity.h */,
			);
			name = "Managed Objects";
			sourceTree = "<group>";
		};
		001EE4701CF65D1E000CA03E /* Cards */ = {
			isa = PBXGroup;
			children = (
				001EE43C1CF26369000CA03E /* CardArtDownloader.swift */,
				001EE4681CF52226000CA03E /* CardDetailViewController.swift */,
				001EE46C1CF60A7E000CA03E /* CollectionViewController.swift */,
				001EE43A1CF18B45000CA03E /* CardSearchViewController.swift */,
				009F6FAE1D04918700427E91 /* OCRPreviewController.swift */,
				009F6FAC1D03D77C00427E91 /* ImageSearchOperation.swift */,
			);
			name = Cards;
			sourceTree = "<group>";
		};
		002132BB1CFE0F6D007F71CF /* FNMFinder */ = {
			isa = PBXGroup;
			children = (
				002132BC1CFE0F91007F71CF /* FNMFinder.swift */,
			);
			name = FNMFinder;
			sourceTree = "<group>";
		};
		009F6F8C1D03735500427E91 /* Products */ = {
			isa = PBXGroup;
			children = (
				009F6F931D03735600427E91 /* Charts.framework */,
				009F6F951D03735600427E91 /* Charts.framework */,
				009F6F971D03735600427E91 /* Charts.framework */,
				009F6F991D03735600427E91 /* ChartsTests.xctest */,
			);
			name = Products;
			sourceTree = "<group>";
		};
		009F6F9F1D03741500427E91 /* ChartCells */ = {
			isa = PBXGroup;
			children = (
				009F6FA01D03744200427E91 /* ManaDistributionCell.swift */,
				009F6FAA1D039AA400427E91 /* ManaCurveCell.swift */,
			);
			name = ChartCells;
			sourceTree = "<group>";
		};
		009F6FA21D0374D100427E91 /* Decks */ = {
			isa = PBXGroup;
			children = (
				001EE46A1CF609C4000CA03E /* DeckViewController.swift */,
				001EE4891CF7840A000CA03E /* DeckDetailViewController.swift */,
				009F6FA31D0374F800427E91 /* DeckBreakdownViewController.swift */,
				009F6FB01D04B7CD00427E91 /* FisherViewController.swift */,
				009F6FA81D03999E00427E91 /* StatsHelper.swift */,
			);
			name = Decks;
			sourceTree = "<group>";
		};
		00AC43D51CE925280064F3D2 = {
			isa = PBXGroup;
			children = (
				009F6F8B1D03735500427E91 /* Charts.xcodeproj */,
				00AC43F31CE92FC50064F3D2 /* MapKit.framework */,
				00AC43E01CE925280064F3D2 /* MTGDeck */,
				00AC43DF1CE925280064F3D2 /* Products */,
			);
			sourceTree = "<group>";
		};
		00AC43DF1CE925280064F3D2 /* Products */ = {
			isa = PBXGroup;
			children = (
				00AC43DE1CE925280064F3D2 /* MTGDeck.app */,
			);
			name = Products;
			sourceTree = "<group>";
		};
		00AC43E01CE925280064F3D2 /* MTGDeck */ = {
			isa = PBXGroup;
			children = (
				00147DC71D087EE8002288CA /* MTGDeck.entitlements */,
				001EE4331CF0F52E000CA03E /* StoredData.sqlite */,
				001EE4321CF0F465000CA03E /* Managed Objects */,
				00AC43E11CE925280064F3D2 /* AppDelegate.swift */,
				001EE43E1CF26B14000CA03E /* CardCell.swift */,
				001EE46E1CF644C5000CA03E /* SimpleListDataSource.swift */,
				00AA565C1CF0F2E00035AA1C /* DataManager.swift */,
				007EA1F61D0E2C5900932A1F /* CardAnimationController.swift */,
				007EA1F81D0E33C700932A1F /* CardTabBarController.swift */,
				009F6F9F1D03741500427E91 /* ChartCells */,
				002132BB1CFE0F6D007F71CF /* FNMFinder */,
				001EE4701CF65D1E000CA03E /* Cards */,
				009F6FA21D0374D100427E91 /* Decks */,
				00AC43E51CE925280064F3D2 /* Main.storyboard */,
				001EE4361CF0FC2A000CA03E /* MTGDeck.xcdatamodeld */,
				00AC43E81CE925280064F3D2 /* Assets.xcassets */,
				00AC43EA1CE925280064F3D2 /* LaunchScreen.storyboard */,
				00AC43ED1CE925280064F3D2 /* Info.plist */,
				001EE40B1CF0F453000CA03E /* MTGDeck-Bridging-Header.h */,
			);
			path = MTGDeck;
			sourceTree = "<group>";
		};
/* End PBXGroup section */

/* Begin PBXNativeTarget section */
		00AC43DD1CE925280064F3D2 /* MTGDeck */ = {
			isa = PBXNativeTarget;
			buildConfigurationList = 00AC43F01CE925280064F3D2 /* Build configuration list for PBXNativeTarget "MTGDeck" */;
			buildPhases = (
				00AC43DA1CE925280064F3D2 /* Sources */,
				00AC43DB1CE925280064F3D2 /* Frameworks */,
				00AC43DC1CE925280064F3D2 /* Resources */,
				009F6F9E1D03737000427E91 /* Embed Frameworks */,
			);
			buildRules = (
			);
			dependencies = (
				009F6F9D1D03737000427E91 /* PBXTargetDependency */,
			);
			name = MTGDeck;
			productName = MTGDeck;
			productReference = 00AC43DE1CE925280064F3D2 /* MTGDeck.app */;
			productType = "com.apple.product-type.application";
		};
/* End PBXNativeTarget section */

/* Begin PBXProject section */
		00AC43D61CE925280064F3D2 /* Project object */ = {
			isa = PBXProject;
			attributes = {
				LastSwiftUpdateCheck = 0730;
				LastUpgradeCheck = 0730;
				ORGANIZATIONNAME = "Mathew Cruz";
				TargetAttributes = {
					00AC43DD1CE925280064F3D2 = {
						CreatedOnToolsVersion = 7.3.1;
						DevelopmentTeam = Z6FZL5UWKR;
						SystemCapabilities = {
							com.apple.iCloud = {
								enabled = 1;
							};
						};
					};
				};
			};
			buildConfigurationList = 00AC43D91CE925280064F3D2 /* Build configuration list for PBXProject "MTGDeck" */;
			compatibilityVersion = "Xcode 3.2";
			developmentRegion = English;
			hasScannedForEncodings = 0;
			knownRegions = (
				en,
				Base,
			);
			mainGroup = 00AC43D51CE925280064F3D2;
			productRefGroup = 00AC43DF1CE925280064F3D2 /* Products */;
			projectDirPath = "";
			projectReferences = (
				{
					ProductGroup = 009F6F8C1D03735500427E91 /* Products */;
					ProjectRef = 009F6F8B1D03735500427E91 /* Charts.xcodeproj */;
				},
			);
			projectRoot = "";
			targets = (
				00AC43DD1CE925280064F3D2 /* MTGDeck */,
			);
		};
/* End PBXProject section */

/* Begin PBXReferenceProxy section */
		009F6F931D03735600427E91 /* Charts.framework */ = {
			isa = PBXReferenceProxy;
			fileType = wrapper.framework;
			path = Charts.framework;
			remoteRef = 009F6F921D03735600427E91 /* PBXContainerItemProxy */;
			sourceTree = BUILT_PRODUCTS_DIR;
		};
		009F6F951D03735600427E91 /* Charts.framework */ = {
			isa = PBXReferenceProxy;
			fileType = wrapper.framework;
			path = Charts.framework;
			remoteRef = 009F6F941D03735600427E91 /* PBXContainerItemProxy */;
			sourceTree = BUILT_PRODUCTS_DIR;
		};
		009F6F971D03735600427E91 /* Charts.framework */ = {
			isa = PBXReferenceProxy;
			fileType = wrapper.framework;
			path = Charts.framework;
			remoteRef = 009F6F961D03735600427E91 /* PBXContainerItemProxy */;
			sourceTree = BUILT_PRODUCTS_DIR;
		};
		009F6F991D03735600427E91 /* ChartsTests.xctest */ = {
			isa = PBXReferenceProxy;
			fileType = wrapper.cfbundle;
			path = ChartsTests.xctest;
			remoteRef = 009F6F981D03735600427E91 /* PBXContainerItemProxy */;
			sourceTree = BUILT_PRODUCTS_DIR;
		};
/* End PBXReferenceProxy section */

/* Begin PBXResourcesBuildPhase section */
		00AC43DC1CE925280064F3D2 /* Resources */ = {
			isa = PBXResourcesBuildPhase;
			buildActionMask = 2147483647;
			files = (
				00AC43EC1CE925280064F3D2 /* LaunchScreen.storyboard in Resources */,
				001EE4341CF0F52E000CA03E /* StoredData.sqlite in Resources */,
				00AC43E91CE925280064F3D2 /* Assets.xcassets in Resources */,
				00AC43E71CE925280064F3D2 /* Main.storyboard in Resources */,
			);
			runOnlyForDeploymentPostprocessing = 0;
		};
/* End PBXResourcesBuildPhase section */

/* Begin PBXSourcesBuildPhase section */
		00AC43DA1CE925280064F3D2 /* Sources */ = {
			isa = PBXSourcesBuildPhase;
			buildActionMask = 2147483647;
			files = (
				001EE43B1CF18B45000CA03E /* CardSearchViewController.swift in Sources */,
				001EE42D1CF0F453000CA03E /* MTGType.m in Sources */,
				001EE4391CF0FC2A000CA03E /* MTGDeck.xcdatamodeld in Sources */,
				001EE42C1CF0F453000CA03E /* MTGType+CoreDataProperties.m in Sources */,
				007EA1F91D0E33C700932A1F /* CardTabBarController.swift in Sources */,
				001EE48A1CF7840A000CA03E /* DeckDetailViewController.swift in Sources */,
				001EE4921CF7A692000CA03E /* MTGCardInDeck.swift in Sources */,
				001EE42E1CF0F453000CA03E /* MTGColor+CoreDataProperties.m in Sources */,
				001EE4911CF7A692000CA03E /* MTGCardInDeck+CoreDataProperties.swift in Sources */,
				009F6FA41D0374F800427E91 /* DeckBreakdownViewController.swift in Sources */,
				001EE4241CF0F453000CA03E /* MTGCard+CoreDataProperties.swift in Sources */,
				009F6FA11D03744200427E91 /* ManaDistributionCell.swift in Sources */,
				001EE4281CF0F453000CA03E /* MTGArtist+CoreDataProperties.m in Sources */,
				009F6FAF1D04918700427E91 /* OCRPreviewController.swift in Sources */,
				009F6FAD1D03D77C00427E91 /* ImageSearchOperation.swift in Sources */,
				00AA565D1CF0F2E00035AA1C /* DataManager.swift in Sources */,
				001EE48E1CF7A4E1000CA03E /* MTGDeck.swift in Sources */,
				001EE4291CF0F453000CA03E /* MTGArtist.m in Sources */,
				001EE4311CF0F453000CA03E /* MTGRarity.m in Sources */,
				001EE4251CF0F453000CA03E /* MTGCard.swift in Sources */,
				002132BD1CFE0F91007F71CF /* FNMFinder.swift in Sources */,
				009F6FB11D04B7CD00427E91 /* FisherViewController.swift in Sources */,
				009F6FAB1D039AA400427E91 /* ManaCurveCell.swift in Sources */,
				001EE46D1CF60A7E000CA03E /* CollectionViewController.swift in Sources */,
				001EE42A1CF0F453000CA03E /* MTGSet+CoreDataProperties.m in Sources */,
				001EE4691CF52226000CA03E /* CardDetailViewController.swift in Sources */,
				001EE48D1CF7A4E1000CA03E /* MTGDeck+CoreDataProperties.swift in Sources */,
				007EA1F71D0E2C5900932A1F /* CardAnimationController.swift in Sources */,
				001EE46B1CF609C4000CA03E /* DeckViewController.swift in Sources */,
				00AC43E21CE925280064F3D2 /* AppDelegate.swift in Sources */,
				001EE43F1CF26B14000CA03E /* CardCell.swift in Sources */,
				001EE43D1CF26369000CA03E /* CardArtDownloader.swift in Sources */,
				009F6FA91D03999E00427E91 /* StatsHelper.swift in Sources */,
				001EE42F1CF0F453000CA03E /* MTGColor.m in Sources */,
				001EE46F1CF644C5000CA03E /* SimpleListDataSource.swift in Sources */,
				001EE42B1CF0F453000CA03E /* MTGSet.m in Sources */,
				001EE4301CF0F453000CA03E /* MTGRarity+CoreDataProperties.m in Sources */,
			);
			runOnlyForDeploymentPostprocessing = 0;
		};
/* End PBXSourcesBuildPhase section */

/* Begin PBXTargetDependency section */
		009F6F9D1D03737000427E91 /* PBXTargetDependency */ = {
			isa = PBXTargetDependency;
			name = "Charts-iOS";
			targetProxy = 009F6F9C1D03737000427E91 /* PBXContainerItemProxy */;
		};
/* End PBXTargetDependency section */

/* Begin PBXVariantGroup section */
		00AC43E51CE925280064F3D2 /* Main.storyboard */ = {
			isa = PBXVariantGroup;
			children = (
				00AC43E61CE925280064F3D2 /* Base */,
			);
			name = Main.storyboard;
			sourceTree = "<group>";
		};
		00AC43EA1CE925280064F3D2 /* LaunchScreen.storyboard */ = {
			isa = PBXVariantGroup;
			children = (
				00AC43EB1CE925280064F3D2 /* Base */,
			);
			name = LaunchScreen.storyboard;
			sourceTree = "<group>";
		};
/* End PBXVariantGroup section */

/* Begin XCBuildConfiguration section */
		00AC43EE1CE925280064F3D2 /* Debug */ = {
			isa = XCBuildConfiguration;
			buildSettings = {
				ALWAYS_SEARCH_USER_PATHS = NO;
				CLANG_ANALYZER_NONNULL = YES;
				CLANG_CXX_LANGUAGE_STANDARD = "gnu++0x";
				CLANG_CXX_LIBRARY = "libc++";
				CLANG_ENABLE_MODULES = YES;
				CLANG_ENABLE_OBJC_ARC = YES;
				CLANG_WARN_BOOL_CONVERSION = YES;
				CLANG_WARN_CONSTANT_CONVERSION = YES;
				CLANG_WARN_DIRECT_OBJC_ISA_USAGE = YES_ERROR;
				CLANG_WARN_EMPTY_BODY = YES;
				CLANG_WARN_ENUM_CONVERSION = YES;
				CLANG_WARN_INT_CONVERSION = YES;
				CLANG_WARN_OBJC_ROOT_CLASS = YES_ERROR;
				CLANG_WARN_UNREACHABLE_CODE = YES;
				CLANG_WARN__DUPLICATE_METHOD_MATCH = YES;
				"CODE_SIGN_IDENTITY[sdk=iphoneos*]" = "iPhone Developer";
				COPY_PHASE_STRIP = NO;
				DEBUG_INFORMATION_FORMAT = dwarf;
				ENABLE_STRICT_OBJC_MSGSEND = YES;
				ENABLE_TESTABILITY = YES;
				GCC_C_LANGUAGE_STANDARD = gnu99;
				GCC_DYNAMIC_NO_PIC = NO;
				GCC_NO_COMMON_BLOCKS = YES;
				GCC_OPTIMIZATION_LEVEL = 0;
				GCC_PREPROCESSOR_DEFINITIONS = (
					"DEBUG=1",
					"$(inherited)",
				);
				GCC_WARN_64_TO_32_BIT_CONVERSION = YES;
				GCC_WARN_ABOUT_RETURN_TYPE = YES_ERROR;
				GCC_WARN_UNDECLARED_SELECTOR = YES;
				GCC_WARN_UNINITIALIZED_AUTOS = YES_AGGRESSIVE;
				GCC_WARN_UNUSED_FUNCTION = YES;
				GCC_WARN_UNUSED_VARIABLE = YES;
				IPHONEOS_DEPLOYMENT_TARGET = 9.3;
				MTL_ENABLE_DEBUG_INFO = YES;
				ONLY_ACTIVE_ARCH = YES;
				SDKROOT = iphoneos;
				SWIFT_OPTIMIZATION_LEVEL = "-Onone";
				TARGETED_DEVICE_FAMILY = "1,2";
			};
			name = Debug;
		};
		00AC43EF1CE925280064F3D2 /* Release */ = {
			isa = XCBuildConfiguration;
			buildSettings = {
				ALWAYS_SEARCH_USER_PATHS = NO;
				CLANG_ANALYZER_NONNULL = YES;
				CLANG_CXX_LANGUAGE_STANDARD = "gnu++0x";
				CLANG_CXX_LIBRARY = "libc++";
				CLANG_ENABLE_MODULES = YES;
				CLANG_ENABLE_OBJC_ARC = YES;
				CLANG_WARN_BOOL_CONVERSION = YES;
				CLANG_WARN_CONSTANT_CONVERSION = YES;
				CLANG_WARN_DIRECT_OBJC_ISA_USAGE = YES_ERROR;
				CLANG_WARN_EMPTY_BODY = YES;
				CLANG_WARN_ENUM_CONVERSION = YES;
				CLANG_WARN_INT_CONVERSION = YES;
				CLANG_WARN_OBJC_ROOT_CLASS = YES_ERROR;
				CLANG_WARN_UNREACHABLE_CODE = YES;
				CLANG_WARN__DUPLICATE_METHOD_MATCH = YES;
				"CODE_SIGN_IDENTITY[sdk=iphoneos*]" = "iPhone Developer";
				COPY_PHASE_STRIP = NO;
				DEBUG_INFORMATION_FORMAT = "dwarf-with-dsym";
				ENABLE_NS_ASSERTIONS = NO;
				ENABLE_STRICT_OBJC_MSGSEND = YES;
				GCC_C_LANGUAGE_STANDARD = gnu99;
				GCC_NO_COMMON_BLOCKS = YES;
				GCC_WARN_64_TO_32_BIT_CONVERSION = YES;
				GCC_WARN_ABOUT_RETURN_TYPE = YES_ERROR;
				GCC_WARN_UNDECLARED_SELECTOR = YES;
				GCC_WARN_UNINITIALIZED_AUTOS = YES_AGGRESSIVE;
				GCC_WARN_UNUSED_FUNCTION = YES;
				GCC_WARN_UNUSED_VARIABLE = YES;
				IPHONEOS_DEPLOYMENT_TARGET = 9.3;
				MTL_ENABLE_DEBUG_INFO = NO;
				SDKROOT = iphoneos;
				TARGETED_DEVICE_FAMILY = "1,2";
				VALIDATE_PRODUCT = YES;
			};
			name = Release;
		};
		00AC43F11CE925280064F3D2 /* Debug */ = {
			isa = XCBuildConfiguration;
			buildSettings = {
				ASSETCATALOG_COMPILER_APPICON_NAME = AppIcon;
				CLANG_ENABLE_MODULES = YES;
				CODE_SIGN_ENTITLEMENTS = MTGDeck/MTGDeck.entitlements;
				EMBEDDED_CONTENT_CONTAINS_SWIFT = YES;
				INFOPLIST_FILE = MTGDeck/Info.plist;
				LD_RUNPATH_SEARCH_PATHS = "$(inherited) @executable_path/Frameworks";
				PRODUCT_BUNDLE_IDENTIFIER = com.cruzian.mtgdeck;
				PRODUCT_NAME = "$(TARGET_NAME)";
				SWIFT_OBJC_BRIDGING_HEADER = "MTGDeck/MTGDeck-Bridging-Header.h";
				SWIFT_OPTIMIZATION_LEVEL = "-Onone";
			};
			name = Debug;
		};
		00AC43F21CE925280064F3D2 /* Release */ = {
			isa = XCBuildConfiguration;
			buildSettings = {
				ASSETCATALOG_COMPILER_APPICON_NAME = AppIcon;
				CLANG_ENABLE_MODULES = YES;
				CODE_SIGN_ENTITLEMENTS = MTGDeck/MTGDeck.entitlements;
				EMBEDDED_CONTENT_CONTAINS_SWIFT = YES;
				INFOPLIST_FILE = MTGDeck/Info.plist;
				LD_RUNPATH_SEARCH_PATHS = "$(inherited) @executable_path/Frameworks";
				PRODUCT_BUNDLE_IDENTIFIER = com.cruzian.mtgdeck;
				PRODUCT_NAME = "$(TARGET_NAME)";
				SWIFT_OBJC_BRIDGING_HEADER = "MTGDeck/MTGDeck-Bridging-Header.h";
			};
			name = Release;
		};
/* End XCBuildConfiguration section */

/* Begin XCConfigurationList section */
		00AC43D91CE925280064F3D2 /* Build configuration list for PBXProject "MTGDeck" */ = {
			isa = XCConfigurationList;
			buildConfigurations = (
				00AC43EE1CE925280064F3D2 /* Debug */,
				00AC43EF1CE925280064F3D2 /* Release */,
			);
			defaultConfigurationIsVisible = 0;
			defaultConfigurationName = Release;
		};
		00AC43F01CE925280064F3D2 /* Build configuration list for PBXNativeTarget "MTGDeck" */ = {
			isa = XCConfigurationList;
			buildConfigurations = (
				00AC43F11CE925280064F3D2 /* Debug */,
				00AC43F21CE925280064F3D2 /* Release */,
			);
			defaultConfigurationIsVisible = 0;
			defaultConfigurationName = Release;
		};
/* End XCConfigurationList section */

/* Begin XCVersionGroup section */
		001EE4361CF0FC2A000CA03E /* MTGDeck.xcdatamodeld */ = {
			isa = XCVersionGroup;
			children = (
				001EE4371CF0FC2A000CA03E /* MTGDeck 2.xcdatamodel */,
				001EE4381CF0FC2A000CA03E /* MTGDeck.xcdatamodel */,
			);
			currentVersion = 001EE4371CF0FC2A000CA03E /* MTGDeck 2.xcdatamodel */;
			path = MTGDeck.xcdatamodeld;
			sourceTree = "<group>";
			versionGroupType = wrapper.xcdatamodel;
		};
/* End XCVersionGroup section */
	};
	rootObject = 00AC43D61CE925280064F3D2 /* Project object */;
}
